
Microsoft Visual Studio Solution File, Format Version 12.00
# Visual Studio 15
VisualStudioVersion = 15.0.26430.16
MinimumVisualStudioVersion = 10.0.40219.1
Project("{FAE04EC0-301F-11D3-BF4B-00C04F79EFBC}") = "SimFeedbackTelemetryProvider", "SimFeedbackTelemetryProvider\SimFeedbackTelemetryProvider.csproj", "{A43FC598-5E10-4730-83F8-CA0F6164C988}"
EndProject
Project("{FAE04EC0-301F-11D3-BF4B-00C04F79EFBC}") = "RF2TelemetryProvider", "RF2\RF2TelemetryProvider\RF2TelemetryProvider.csproj", "{DA88F4C8-0B18-46F7-BC9E-391AC6C7BB07}"
EndProject
Project("{FAE04EC0-301F-11D3-BF4B-00C04F79EFBC}") = "ACTelemetryProvider", "ACTelemetryProvider\ACTelemetryProvider.csproj", "{AADB7AD3-25BE-435A-BDED-259F2E55ACE5}"
EndProject
Project("{FAE04EC0-301F-11D3-BF4B-00C04F79EFBC}") = "DCSTelemetryProvider", "DCS\DCSTelemetryProvider\DCSTelemetryProvider.csproj", "{27E74598-0FD8-4E93-B009-66959A5CB4A6}"
EndProject
Project("{FAE04EC0-301F-11D3-BF4B-00C04F79EFBC}") = "NoLimits2", "NoLimits2\NoLimits2.csproj", "{1DCF01D5-1046-45D1-9CD5-58D6FD4F8CF5}"
	ProjectSection(ProjectDependencies) = postProject
		{A43FC598-5E10-4730-83F8-CA0F6164C988} = {A43FC598-5E10-4730-83F8-CA0F6164C988}
	EndProjectSection
EndProject
Project("{FAE04EC0-301F-11D3-BF4B-00C04F79EFBC}") = "RaceRoom", "RaceRoom\RaceRoom.csproj", "{47C254A0-A270-42AD-960D-983419E3EC4F}"
EndProject
Project("{FAE04EC0-301F-11D3-BF4B-00C04F79EFBC}") = "FH4", "FH4\FH4.csproj", "{663AD79E-59CA-4ECA-9CC5-E98C2EB98B75}"
EndProject
Project("{FAE04EC0-301F-11D3-BF4B-00C04F79EFBC}") = "AMSTelemetryProvider", "AMSTelemetryProvider\AMSTelemetryProvider.csproj", "{C49557CE-D307-4FB3-AAAD-2510321123D0}"
EndProject
Global
	GlobalSection(SolutionConfigurationPlatforms) = preSolution
		Debug|Any CPU = Debug|Any CPU
		Release|Any CPU = Release|Any CPU
	EndGlobalSection
	GlobalSection(ProjectConfigurationPlatforms) = postSolution
		{A43FC598-5E10-4730-83F8-CA0F6164C988}.Debug|Any CPU.ActiveCfg = Debug|Any CPU
		{A43FC598-5E10-4730-83F8-CA0F6164C988}.Debug|Any CPU.Build.0 = Debug|Any CPU
		{A43FC598-5E10-4730-83F8-CA0F6164C988}.Release|Any CPU.ActiveCfg = Release|Any CPU
		{A43FC598-5E10-4730-83F8-CA0F6164C988}.Release|Any CPU.Build.0 = Release|Any CPU
		{DA88F4C8-0B18-46F7-BC9E-391AC6C7BB07}.Debug|Any CPU.ActiveCfg = Debug|Any CPU
		{DA88F4C8-0B18-46F7-BC9E-391AC6C7BB07}.Debug|Any CPU.Build.0 = Debug|Any CPU
		{DA88F4C8-0B18-46F7-BC9E-391AC6C7BB07}.Release|Any CPU.ActiveCfg = Release|Any CPU
		{DA88F4C8-0B18-46F7-BC9E-391AC6C7BB07}.Release|Any CPU.Build.0 = Release|Any CPU
		{AADB7AD3-25BE-435A-BDED-259F2E55ACE5}.Debug|Any CPU.ActiveCfg = Debug|Any CPU
		{AADB7AD3-25BE-435A-BDED-259F2E55ACE5}.Debug|Any CPU.Build.0 = Debug|Any CPU
		{AADB7AD3-25BE-435A-BDED-259F2E55ACE5}.Release|Any CPU.ActiveCfg = Release|Any CPU
		{AADB7AD3-25BE-435A-BDED-259F2E55ACE5}.Release|Any CPU.Build.0 = Release|Any CPU
		{27E74598-0FD8-4E93-B009-66959A5CB4A6}.Debug|Any CPU.ActiveCfg = Debug|Any CPU
		{27E74598-0FD8-4E93-B009-66959A5CB4A6}.Debug|Any CPU.Build.0 = Debug|Any CPU
		{27E74598-0FD8-4E93-B009-66959A5CB4A6}.Release|Any CPU.ActiveCfg = Release|Any CPU
		{27E74598-0FD8-4E93-B009-66959A5CB4A6}.Release|Any CPU.Build.0 = Release|Any CPU
		{1DCF01D5-1046-45D1-9CD5-58D6FD4F8CF5}.Debug|Any CPU.ActiveCfg = Debug|Any CPU
		{1DCF01D5-1046-45D1-9CD5-58D6FD4F8CF5}.Debug|Any CPU.Build.0 = Debug|Any CPU
		{1DCF01D5-1046-45D1-9CD5-58D6FD4F8CF5}.Release|Any CPU.ActiveCfg = Release|Any CPU
		{1DCF01D5-1046-45D1-9CD5-58D6FD4F8CF5}.Release|Any CPU.Build.0 = Release|Any CPU
		{47C254A0-A270-42AD-960D-983419E3EC4F}.Debug|Any CPU.ActiveCfg = Debug|Any CPU
		{47C254A0-A270-42AD-960D-983419E3EC4F}.Debug|Any CPU.Build.0 = Debug|Any CPU
		{47C254A0-A270-42AD-960D-983419E3EC4F}.Release|Any CPU.ActiveCfg = Release|Any CPU
		{47C254A0-A270-42AD-960D-983419E3EC4F}.Release|Any CPU.Build.0 = Release|Any CPU
		{663AD79E-59CA-4ECA-9CC5-E98C2EB98B75}.Debug|Any CPU.ActiveCfg = Debug|Any CPU
		{663AD79E-59CA-4ECA-9CC5-E98C2EB98B75}.Debug|Any CPU.Build.0 = Debug|Any CPU
		{663AD79E-59CA-4ECA-9CC5-E98C2EB98B75}.Release|Any CPU.ActiveCfg = Release|Any CPU
		{663AD79E-59CA-4ECA-9CC5-E98C2EB98B75}.Release|Any CPU.Build.0 = Release|Any CPU
		{C49557CE-D307-4FB3-AAAD-2510321123D0}.Debug|Any CPU.ActiveCfg = Debug|Any CPU
		{C49557CE-D307-4FB3-AAAD-2510321123D0}.Debug|Any CPU.Build.0 = Debug|Any CPU
		{C49557CE-D307-4FB3-AAAD-2510321123D0}.Release|Any CPU.ActiveCfg = Release|Any CPU
		{C49557CE-D307-4FB3-AAAD-2510321123D0}.Release|Any CPU.Build.0 = Release|Any CPU
	EndGlobalSection
	GlobalSection(SolutionProperties) = preSolution
		HideSolutionNode = FALSE
	EndGlobalSection
	GlobalSection(ExtensibilityGlobals) = postSolution
		SolutionGuid = {92C13641-1F75-457E-8D3E-D55FD6AC0C36}
	EndGlobalSection
EndGlobal
